
Microsoft Visual Studio Solution File, Format Version 12.00
# Visual Studio 15
VisualStudioVersion = 15.0.27004.2010
MinimumVisualStudioVersion = 10.0.40219.1
Project("{9A19103F-16F7-4668-BE54-9A1E7A4F7556}") = "EmailScraper", "Silashu\EmailScraper.csproj", "{923E77AE-4341-4A33-BD21-E28B912B8025}"
EndProject
Global
	GlobalSection(SolutionConfigurationPlatforms) = preSolution
		Debug|Any CPU = Debug|Any CPU
		Release|Any CPU = Release|Any CPU
	EndGlobalSection
	GlobalSection(ProjectConfigurationPlatforms) = postSolution
		{923E77AE-4341-4A33-BD21-E28B912B8025}.Debug|Any CPU.ActiveCfg = Debug|Any CPU
		{923E77AE-4341-4A33-BD21-E28B912B8025}.Debug|Any CPU.Build.0 = Debug|Any CPU
		{923E77AE-4341-4A33-BD21-E28B912B8025}.Release|Any CPU.ActiveCfg = Release|Any CPU
		{923E77AE-4341-4A33-BD21-E28B912B8025}.Release|Any CPU.Build.0 = Release|Any CPU
	EndGlobalSection
	GlobalSection(SolutionProperties) = preSolution
		HideSolutionNode = FALSE
	EndGlobalSection
	GlobalSection(ExtensibilityGlobals) = postSolution
		SolutionGuid = {E6E6C88B-EB46-4FCC-A373-45365F9BC1A6}
	EndGlobalSection
EndGlobal
